// !$*UTF8*$!
{
	archiveVersion = 1;
	classes = {
	};
	objectVersion = 46;
	objects = {

/* Begin PBXBuildFile section */
		9160AE9F1A3586BB0011B2F6 /* main.cpp in Sources */ = {isa = PBXBuildFile; fileRef = 9160AE9E1A3586BB0011B2F6 /* main.cpp */; };
/* End PBXBuildFile section */

/* Begin PBXCopyFilesBuildPhase section */
		9160AE991A3586BB0011B2F6 /* CopyFiles */ = {
			isa = PBXCopyFilesBuildPhase;
			buildActionMask = 2147483647;
			dstPath = /usr/share/man/man1/;
			dstSubfolderSpec = 0;
			files = (
			);
			runOnlyForDeploymentPostprocessing = 1;
		};
/* End PBXCopyFilesBuildPhase section */

/* Begin PBXFileReference section */
		9160AE9B1A3586BB0011B2F6 /* ds_linkedpoly */ = {isa = PBXFileReference; explicitFileType = "compiled.mach-o.executable"; includeInIndex = 0; path = ds_linkedpoly; sourceTree = BUILT_PRODUCTS_DIR; };
		9160AE9E1A3586BB0011B2F6 /* main.cpp */ = {isa = PBXFileReference; lastKnownFileType = sourcecode.cpp.cpp; path = main.cpp; sourceTree = "<group>"; };
/* End PBXFileReference section */

/* Begin PBXFrameworksBuildPhase section */
		9160AE981A3586BB0011B2F6 /* Frameworks */ = {
			isa = PBXFrameworksBuildPhase;
			buildActionMask = 2147483647;
			files = (
			);
			runOnlyForDeploymentPostprocessing = 0;
		};
/* End PBXFrameworksBuildPhase section */

/* Begin PBXGroup section */
		9160AE921A3586BB0011B2F6 = {
			isa = PBXGroup;
			children = (
				9160AE9D1A3586BB0011B2F6 /* ds_linkedpoly */,
				9160AE9C1A3586BB0011B2F6 /* Products */,
			);
			sourceTree = "<group>";
		};
		9160AE9C1A3586BB0011B2F6 /* Products */ = {
			isa = PBXGroup;
			children = (
				9160AE9B1A3586BB0011B2F6 /* ds_linkedpoly */,
			);
			name = Products;
			sourceTree = "<group>";
		};
		9160AE9D1A3586BB0011B2F6 /* ds_linkedpoly */ = {
			isa = PBXGroup;
			children = (
				9160AE9E1A3586BB0011B2F6 /* main.cpp */,
			);
			path = ds_linkedpoly;
			sourceTree = "<group>";
		};
/* End PBXGroup section */

/* Begin PBXNativeTarget section */
		9160AE9A1A3586BB0011B2F6 /* ds_linkedpoly */ = {
			isa = PBXNativeTarget;
			buildConfigurationList = 9160AEA21A3586BB0011B2F6 /* Build configuration list for PBXNativeTarget "ds_linkedpoly" */;
			buildPhases = (
				9160AE971A3586BB0011B2F6 /* Sources */,
				9160AE981A3586BB0011B2F6 /* Frameworks */,
				9160AE991A3586BB0011B2F6 /* CopyFiles */,
			);
			buildRules = (
			);
			dependencies = (
			);
			name = ds_linkedpoly;
			productName = ds_linkedpoly;
			productReference = 9160AE9B1A3586BB0011B2F6 /* ds_linkedpoly */;
			productType = "com.apple.product-type.tool";
		};
/* End PBXNativeTarget section */

/* Begin PBXProject section */
		9160AE931A3586BB0011B2F6 /* Project object */ = {
			isa = PBXProject;
			attributes = {
				LastUpgradeCheck = 0610;
				ORGANIZATIONNAME = kakakim;
				TargetAttributes = {
					9160AE9A1A3586BB0011B2F6 = {
						CreatedOnToolsVersion = 6.1.1;
					};
				};
			};
			buildConfigurationList = 9160AE961A3586BB0011B2F6 /* Build configuration list for PBXProject "ds_linkedpoly" */;
			compatibilityVersion = "Xcode 3.2";
			developmentRegion = English;
			hasScannedForEncodings = 0;
			knownRegions = (
				en,
			);
			mainGroup = 9160AE921A3586BB0011B2F6;
			productRefGroup = 9160AE9C1A3586BB0011B2F6 /* Products */;
			projectDirPath = "";
			projectRoot = "";
			targets = (
				9160AE9A1A3586BB0011B2F6 /* ds_linkedpoly */,
			);
		};
/* End PBXProject section */

/* Begin PBXSourcesBuildPhase section */
		9160AE971A3586BB0011B2F6 /* Sources */ = {
			isa = PBXSourcesBuildPhase;
			buildActionMask = 2147483647;
			files = (
				9160AE9F1A3586BB0011B2F6 /* main.cpp in Sources */,
			);
			runOnlyForDeploymentPostprocessing = 0;
		};
/* End PBXSourcesBuildPhase section */

/* Begin XCBuildConfiguration section */
		9160AEA01A3586BB0011B2F6 /* Debug */ = {
			isa = XCBuildConfiguration;
			buildSettings = {
				ALWAYS_SEARCH_USER_PATHS = NO;
				CLANG_CXX_LANGUAGE_STANDARD = "gnu++0x";
				CLANG_CXX_LIBRARY = "libc++";
				CLANG_ENABLE_MODULES = YES;
				CLANG_ENABLE_OBJC_ARC = YES;
				CLANG_WARN_BOOL_CONVERSION = YES;
				CLANG_WARN_CONSTANT_CONVERSION = YES;
				CLANG_WARN_DIRECT_OBJC_ISA_USAGE = YES_ERROR;
				CLANG_WARN_EMPTY_BODY = YES;
				CLANG_WARN_ENUM_CONVERSION = YES;
				CLANG_WARN_INT_CONVERSION = YES;
				CLANG_WARN_OBJC_ROOT_CLASS = YES_ERROR;
				CLANG_WARN_UNREACHABLE_CODE = YES;
				CLANG_WARN__DUPLICATE_METHOD_MATCH = YES;
				COPY_PHASE_STRIP = NO;
				ENABLE_STRICT_OBJC_MSGSEND = YES;
				GCC_C_LANGUAGE_STANDARD = gnu99;
				GCC_DYNAMIC_NO_PIC = NO;
				GCC_OPTIMIZATION_LEVEL = 0;
				GCC_PREPROCESSOR_DEFINITIONS = (
					"DEBUG=1",
					"$(inherited)",
				);
				GCC_SYMBOLS_PRIVATE_EXTERN = NO;
				GCC_WARN_64_TO_32_BIT_CONVERSION = YES;
				GCC_WARN_ABOUT_RETURN_TYPE = YES_ERROR;
				GCC_WARN_UNDECLARED_SELECTOR = YES;
				GCC_WARN_UNINITIALIZED_AUTOS = YES_AGGRESSIVE;
				GCC_WARN_UNUSED_FUNCTION = YES;
				GCC_WARN_UNUSED_VARIABLE = YES;
				MACOSX_DEPLOYMENT_TARGET = 10.10;
				MTL_ENABLE_DEBUG_INFO = YES;
				ONLY_ACTIVE_ARCH = YES;
				SDKROOT = macosx;
			};
			name = Debug;
		};
		9160AEA11A3586BB0011B2F6 /* Release */ = {
			isa = XCBuildConfiguration;
			buildSettings = {
				ALWAYS_SEARCH_USER_PATHS = NO;
				CLANG_CXX_LANGUAGE_STANDARD = "gnu++0x";
				CLANG_CXX_LIBRARY = "libc++";
				CLANG_ENABLE_MODULES = YES;
				CLANG_ENABLE_OBJC_ARC = YES;
				CLANG_WARN_BOOL_CONVERSION = YES;
				CLANG_WARN_CONSTANT_CONVERSION = YES;
				CLANG_WARN_DIRECT_OBJC_ISA_USAGE = YES_ERROR;
				CLANG_WARN_EMPTY_BODY = YES;
				CLANG_WARN_ENUM_CONVERSION = YES;
				CLANG_WARN_INT_CONVERSION = YES;
				CLANG_WARN_OBJC_ROOT_CLASS = YES_ERROR;
				CLANG_WARN_UNREACHABLE_CODE = YES;
				CLANG_WARN__DUPLICATE_METHOD_MATCH = YES;
				COPY_PHASE_STRIP = YES;
				DEBUG_INFORMATION_FORMAT = "dwarf-with-dsym";
				ENABLE_NS_ASSERTIONS = NO;
				ENABLE_STRICT_OBJC_MSGSEND = YES;
				GCC_C_LANGUAGE_STANDARD = gnu99;
				GCC_WARN_64_TO_32_BIT_CONVERSION = YES;
				GCC_WARN_ABOUT_RETURN_TYPE = YES_ERROR;
				GCC_WARN_UNDECLARED_SELECTOR = YES;
				GCC_WARN_UNINITIALIZED_AUTOS = YES_AGGRESSIVE;
				GCC_WARN_UNUSED_FUNCTION = YES;
				GCC_WARN_UNUSED_VARIABLE = YES;
				MACOSX_DEPLOYMENT_TARGET = 10.10;
				MTL_ENABLE_DEBUG_INFO = NO;
				SDKROOT = macosx;
			};
			name = Release;
		};
		9160AEA31A3586BB0011B2F6 /* Debug */ = {
			isa = XCBuildConfiguration;
			buildSettings = {
				PRODUCT_NAME = "$(TARGET_NAME)";
			};
			name = Debug;
		};
		9160AEA41A3586BB0011B2F6 /* Release */ = {
			isa = XCBuildConfiguration;
			buildSettings = {
				PRODUCT_NAME = "$(TARGET_NAME)";
			};
			name = Release;
		};
/* End XCBuildConfiguration section */

/* Begin XCConfigurationList section */
		9160AE961A3586BB0011B2F6 /* Build configuration list for PBXProject "ds_linkedpoly" */ = {
			isa = XCConfigurationList;
			buildConfigurations = (
				9160AEA01A3586BB0011B2F6 /* Debug */,
				9160AEA11A3586BB0011B2F6 /* Release */,
			);
			defaultConfigurationIsVisible = 0;
			defaultConfigurationName = Release;
		};
		9160AEA21A3586BB0011B2F6 /* Build configuration list for PBXNativeTarget "ds_linkedpoly" */ = {
			isa = XCConfigurationList;
			buildConfigurations = (
				9160AEA31A3586BB0011B2F6 /* Debug */,
				9160AEA41A3586BB0011B2F6 /* Release */,
			);
			defaultConfigurationIsVisible = 0;
		};
/* End XCConfigurationList section */
	};
	rootObject = 9160AE931A3586BB0011B2F6 /* Project object */;
}
